
Microsoft Visual Studio Solution File, Format Version 12.00
# Visual Studio Version 17
VisualStudioVersion = 17.6.33815.320
MinimumVisualStudioVersion = 10.0.40219.1
Project("{FAE04EC0-301F-11D3-BF4B-00C04F79EFBC}") = "Library Management System", "Library Management System\Library Management System.csproj", "{0EB95397-4310-4748-AAD5-0B596F2BBBCE}"
EndProject
Global
	GlobalSection(SolutionConfigurationPlatforms) = preSolution
		Debug|Any CPU = Debug|Any CPU
		Release|Any CPU = Release|Any CPU
	EndGlobalSection
	GlobalSection(ProjectConfigurationPlatforms) = postSolution
		{0EB95397-4310-4748-AAD5-0B596F2BBBCE}.Debug|Any CPU.ActiveCfg = Debug|Any CPU
		{0EB95397-4310-4748-AAD5-0B596F2BBBCE}.Debug|Any CPU.Build.0 = Debug|Any CPU
		{0EB95397-4310-4748-AAD5-0B596F2BBBCE}.Release|Any CPU.ActiveCfg = Release|Any CPU
		{0EB95397-4310-4748-AAD5-0B596F2BBBCE}.Release|Any CPU.Build.0 = Release|Any CPU
	EndGlobalSection
	GlobalSection(SolutionProperties) = preSolution
		HideSolutionNode = FALSE
	EndGlobalSection
	GlobalSection(ExtensibilityGlobals) = postSolution
		SolutionGuid = {D07DF7A8-68CB-468B-9F4F-BC73A0879C38}
	EndGlobalSection
EndGlobal
